{
  "requires": true,
  "lockfileVersion": 1,
  "dependencies": {
    "@saeris/vue-spinners": {
      "version": "1.0.8",
      "resolved": "https://registry.npmjs.org/@saeris/vue-spinners/-/vue-spinners-1.0.8.tgz",
      "integrity": "sha512-sSUWFVdYyAdLKuWuu+kk1ntiKt7AflqWGAsRoHkol1n2J8moFxIAwFf8RJmdPGLmdjvz8TBuXjy67NOIdhSlFg=="
    },
    "vue-loading-overlay": {
      "version": "3.3.0",
      "resolved": "https://registry.npmjs.org/vue-loading-overlay/-/vue-loading-overlay-3.3.0.tgz",
      "integrity": "sha512-lwC4x/fdHl3oRwC7xejtY1yJIeJiTyQhBhswc3hcG3yGrrMGy9IQUOnjYaRDJKVxhl8UflIzQkTf8066kOyezA=="
    }
  }
}
